
Microsoft Visual Studio Solution File, Format Version 12.00
# Visual Studio Version 17
VisualStudioVersion = 17.13.35806.99
MinimumVisualStudioVersion = 10.0.40219.1
Project("{FAE04EC0-301F-11D3-BF4B-00C04F79EFBC}") = "PARADIGMASFINAL", "PARADIGMASFINAL.csproj", "{3331A800-E2A8-4B45-A554-33040142EE63}"
EndProject
Global
	GlobalSection(SolutionConfigurationPlatforms) = preSolution
		Debug|Any CPU = Debug|Any CPU
		Release|Any CPU = Release|Any CPU
	EndGlobalSection
	GlobalSection(ProjectConfigurationPlatforms) = postSolution
		{3331A800-E2A8-4B45-A554-33040142EE63}.Debug|Any CPU.ActiveCfg = Debug|Any CPU
		{3331A800-E2A8-4B45-A554-33040142EE63}.Debug|Any CPU.Build.0 = Debug|Any CPU
		{3331A800-E2A8-4B45-A554-33040142EE63}.Release|Any CPU.ActiveCfg = Release|Any CPU
		{3331A800-E2A8-4B45-A554-33040142EE63}.Release|Any CPU.Build.0 = Release|Any CPU
	EndGlobalSection
	GlobalSection(SolutionProperties) = preSolution
		HideSolutionNode = FALSE
	EndGlobalSection
	GlobalSection(ExtensibilityGlobals) = postSolution
		SolutionGuid = {2759DBC0-400C-4D2F-9603-B7E41C73D11E}
	EndGlobalSection
EndGlobal
